
Microsoft Visual Studio Solution File, Format Version 12.00
# Visual Studio Version 17
VisualStudioVersion = 17.5.33530.505
MinimumVisualStudioVersion = 10.0.40219.1
Project("{FAE04EC0-301F-11D3-BF4B-00C04F79EFBC}") = "xadrez-console", "xadrez-console\xadrez-console.csproj", "{46376118-F1AD-422F-842C-BE4726A0427F}"
EndProject
Global
	GlobalSection(SolutionConfigurationPlatforms) = preSolution
		Debug|Any CPU = Debug|Any CPU
		Release|Any CPU = Release|Any CPU
	EndGlobalSection
	GlobalSection(ProjectConfigurationPlatforms) = postSolution
		{46376118-F1AD-422F-842C-BE4726A0427F}.Debug|Any CPU.ActiveCfg = Debug|Any CPU
		{46376118-F1AD-422F-842C-BE4726A0427F}.Debug|Any CPU.Build.0 = Debug|Any CPU
		{46376118-F1AD-422F-842C-BE4726A0427F}.Release|Any CPU.ActiveCfg = Release|Any CPU
		{46376118-F1AD-422F-842C-BE4726A0427F}.Release|Any CPU.Build.0 = Release|Any CPU
	EndGlobalSection
	GlobalSection(SolutionProperties) = preSolution
		HideSolutionNode = FALSE
	EndGlobalSection
	GlobalSection(ExtensibilityGlobals) = postSolution
		SolutionGuid = {8D8E4460-D188-471B-87E0-732C035984AB}
	EndGlobalSection
EndGlobal
